// !$*UTF8*$!
{
	archiveVersion = 1;
	classes = {
	};
	objectVersion = 77;
	objects = {

/* Begin PBXBuildFile section */
		B1065F2C2E805DB8007009FF /* CounterWatch Watch App.app in Embed Watch Content */ = {isa = PBXBuildFile; fileRef = B1065F2B2E805DB8007009FF /* CounterWatch Watch App.app */; settings = {ATTRIBUTES = (RemoveHeadersOnCopy, ); }; };
		B1065F662E806A46007009FF /* WidgetKit.framework in Frameworks */ = {isa = PBXBuildFile; fileRef = B1065F652E806A46007009FF /* WidgetKit.framework */; };
		B1065F682E806A46007009FF /* SwiftUI.framework in Frameworks */ = {isa = PBXBuildFile; fileRef = B1065F672E806A46007009FF /* SwiftUI.framework */; };
		B1065F772E806A49007009FF /* CounterComplicationExtension.appex in Embed Foundation Extensions */ = {isa = PBXBuildFile; fileRef = B1065F632E806A46007009FF /* CounterComplicationExtension.appex */; settings = {ATTRIBUTES = (RemoveHeadersOnCopy, ); }; };
/* End PBXBuildFile section */

/* Begin PBXContainerItemProxy section */
		B1065F2D2E805DB8007009FF /* PBXContainerItemProxy */ = {
			isa = PBXContainerItemProxy;
			containerPortal = B1065F1F2E805DB8007009FF /* Project object */;
			proxyType = 1;
			remoteGlobalIDString = B1065F2A2E805DB8007009FF;
			remoteInfo = "CounterWatch Watch App";
		};
		B1065F5A2E80678B007009FF /* PBXContainerItemProxy */ = {
			isa = PBXContainerItemProxy;
			containerPortal = B1065F1F2E805DB8007009FF /* Project object */;
			proxyType = 1;
			remoteGlobalIDString = B1065F2A2E805DB8007009FF;
			remoteInfo = "CounterWatch Watch App";
		};
		B1065F752E806A49007009FF /* PBXContainerItemProxy */ = {
			isa = PBXContainerItemProxy;
			containerPortal = B1065F1F2E805DB8007009FF /* Project object */;
			proxyType = 1;
			remoteGlobalIDString = B1065F622E806A45007009FF;
			remoteInfo = CounterComplicationExtension;
		};
		B194A3152E8451B200002B29 /* PBXContainerItemProxy */ = {
			isa = PBXContainerItemProxy;
			containerPortal = B1065F1F2E805DB8007009FF /* Project object */;
			proxyType = 1;
			remoteGlobalIDString = B1E564582E8308630064A6E4;
			remoteInfo = CounteriPhone;
		};
/* End PBXContainerItemProxy section */

/* Begin PBXCopyFilesBuildPhase section */
		B1065F3B2E805DBB007009FF /* Embed Watch Content */ = {
			isa = PBXCopyFilesBuildPhase;
			buildActionMask = 2147483647;
			dstPath = "$(CONTENTS_FOLDER_PATH)/Watch";
			dstSubfolderSpec = 16;
			files = (
				B1065F2C2E805DB8007009FF /* CounterWatch Watch App.app in Embed Watch Content */,
			);
			name = "Embed Watch Content";
			runOnlyForDeploymentPostprocessing = 0;
		};
		B1065F7C2E806A4A007009FF /* Embed Foundation Extensions */ = {
			isa = PBXCopyFilesBuildPhase;
			buildActionMask = 2147483647;
			dstPath = "";
			dstSubfolderSpec = 13;
			files = (
				B1065F772E806A49007009FF /* CounterComplicationExtension.appex in Embed Foundation Extensions */,
			);
			name = "Embed Foundation Extensions";
			runOnlyForDeploymentPostprocessing = 0;
		};
/* End PBXCopyFilesBuildPhase section */

/* Begin PBXFileReference section */
		B1065F252E805DB8007009FF /* CounterWatch.app */ = {isa = PBXFileReference; explicitFileType = wrapper.application; includeInIndex = 0; path = CounterWatch.app; sourceTree = BUILT_PRODUCTS_DIR; };
		B1065F2B2E805DB8007009FF /* CounterWatch Watch App.app */ = {isa = PBXFileReference; explicitFileType = wrapper.application; includeInIndex = 0; path = "CounterWatch Watch App.app"; sourceTree = BUILT_PRODUCTS_DIR; };
		B1065F562E80678A007009FF /* CounterViewModelTests.xctest */ = {isa = PBXFileReference; explicitFileType = wrapper.cfbundle; includeInIndex = 0; path = CounterViewModelTests.xctest; sourceTree = BUILT_PRODUCTS_DIR; };
		B1065F632E806A46007009FF /* CounterComplicationExtension.appex */ = {isa = PBXFileReference; explicitFileType = "wrapper.app-extension"; includeInIndex = 0; path = CounterComplicationExtension.appex; sourceTree = BUILT_PRODUCTS_DIR; };
		B1065F652E806A46007009FF /* WidgetKit.framework */ = {isa = PBXFileReference; lastKnownFileType = wrapper.framework; name = WidgetKit.framework; path = System/Library/Frameworks/WidgetKit.framework; sourceTree = SDKROOT; };
		B1065F672E806A46007009FF /* SwiftUI.framework */ = {isa = PBXFileReference; lastKnownFileType = wrapper.framework; name = SwiftUI.framework; path = System/Library/Frameworks/SwiftUI.framework; sourceTree = SDKROOT; };
		B1065F842E806CCD007009FF /* CounterComplicationExtension.entitlements */ = {isa = PBXFileReference; lastKnownFileType = text.plist.entitlements; path = CounterComplicationExtension.entitlements; sourceTree = "<group>"; };
		B194A3112E8451B200002B29 /* CounteriPhoneTests.xctest */ = {isa = PBXFileReference; explicitFileType = wrapper.cfbundle; includeInIndex = 0; path = CounteriPhoneTests.xctest; sourceTree = BUILT_PRODUCTS_DIR; };
		B1E564592E8308630064A6E4 /* CounteriPhone.app */ = {isa = PBXFileReference; explicitFileType = wrapper.application; includeInIndex = 0; path = CounteriPhone.app; sourceTree = BUILT_PRODUCTS_DIR; };
/* End PBXFileReference section */

/* Begin PBXFileSystemSynchronizedBuildFileExceptionSet section */
		B1065F782E806A4A007009FF /* Exceptions for "CounterComplication" folder in "CounterComplicationExtension" target */ = {
			isa = PBXFileSystemSynchronizedBuildFileExceptionSet;
			membershipExceptions = (
				Info.plist,
			);
			target = B1065F622E806A45007009FF /* CounterComplicationExtension */;
		};
		B1065F862E806CEE007009FF /* Exceptions for "CounterWatch Watch App" folder in "CounterComplicationExtension" target */ = {
			isa = PBXFileSystemSynchronizedBuildFileExceptionSet;
			membershipExceptions = (
				CounterModel.swift,
			);
			target = B1065F622E806A45007009FF /* CounterComplicationExtension */;
		};
		B194A30C2E844EEF00002B29 /* Exceptions for "CounterWatch Watch App" folder in "CounteriPhone" target */ = {
			isa = PBXFileSystemSynchronizedBuildFileExceptionSet;
			membershipExceptions = (
				CounterModel.swift,
			);
			target = B1E564582E8308630064A6E4 /* CounteriPhone */;
		};
/* End PBXFileSystemSynchronizedBuildFileExceptionSet section */

/* Begin PBXFileSystemSynchronizedRootGroup section */
		B1065F2F2E805DB8007009FF /* CounterWatch Watch App */ = {
			isa = PBXFileSystemSynchronizedRootGroup;
			exceptions = (
				B1065F862E806CEE007009FF /* Exceptions for "CounterWatch Watch App" folder in "CounterComplicationExtension" target */,
				B194A30C2E844EEF00002B29 /* Exceptions for "CounterWatch Watch App" folder in "CounteriPhone" target */,
			);
			path = "CounterWatch Watch App";
			sourceTree = "<group>";
		};
		B1065F572E80678B007009FF /* CounterViewModelTests */ = {
			isa = PBXFileSystemSynchronizedRootGroup;
			path = CounterViewModelTests;
			sourceTree = "<group>";
		};
		B1065F692E806A46007009FF /* CounterComplication */ = {
			isa = PBXFileSystemSynchronizedRootGroup;
			exceptions = (
				B1065F782E806A4A007009FF /* Exceptions for "CounterComplication" folder in "CounterComplicationExtension" target */,
			);
			path = CounterComplication;
			sourceTree = "<group>";
		};
		B1E5645A2E8308630064A6E4 /* CounteriPhone */ = {
			isa = PBXFileSystemSynchronizedRootGroup;
			path = CounteriPhone;
			sourceTree = "<group>";
		};
/* End PBXFileSystemSynchronizedRootGroup section */

/* Begin PBXFrameworksBuildPhase section */
		B1065F282E805DB8007009FF /* Frameworks */ = {
			isa = PBXFrameworksBuildPhase;
			buildActionMask = 2147483647;
			files = (
			);
			runOnlyForDeploymentPostprocessing = 0;
		};
		B1065F532E80678A007009FF /* Frameworks */ = {
			isa = PBXFrameworksBuildPhase;
			buildActionMask = 2147483647;
			files = (
			);
			runOnlyForDeploymentPostprocessing = 0;
		};
		B1065F602E806A45007009FF /* Frameworks */ = {
			isa = PBXFrameworksBuildPhase;
			buildActionMask = 2147483647;
			files = (
				B1065F682E806A46007009FF /* SwiftUI.framework in Frameworks */,
				B1065F662E806A46007009FF /* WidgetKit.framework in Frameworks */,
			);
			runOnlyForDeploymentPostprocessing = 0;
		};
		B194A30E2E8451B200002B29 /* Frameworks */ = {
			isa = PBXFrameworksBuildPhase;
			buildActionMask = 2147483647;
			files = (
			);
			runOnlyForDeploymentPostprocessing = 0;
		};
		B1E564562E8308630064A6E4 /* Frameworks */ = {
			isa = PBXFrameworksBuildPhase;
			buildActionMask = 2147483647;
			files = (
			);
			runOnlyForDeploymentPostprocessing = 0;
		};
/* End PBXFrameworksBuildPhase section */

/* Begin PBXGroup section */
		B1065F1E2E805DB8007009FF = {
			isa = PBXGroup;
			children = (
				B1065F842E806CCD007009FF /* CounterComplicationExtension.entitlements */,
				B1065F2F2E805DB8007009FF /* CounterWatch Watch App */,
				B1065F572E80678B007009FF /* CounterViewModelTests */,
				B1065F692E806A46007009FF /* CounterComplication */,
				B1E5645A2E8308630064A6E4 /* CounteriPhone */,
				B1065F642E806A46007009FF /* Frameworks */,
				B1065F262E805DB8007009FF /* Products */,
			);
			sourceTree = "<group>";
		};
		B1065F262E805DB8007009FF /* Products */ = {
			isa = PBXGroup;
			children = (
				B1065F252E805DB8007009FF /* CounterWatch.app */,
				B1065F2B2E805DB8007009FF /* CounterWatch Watch App.app */,
				B1065F562E80678A007009FF /* CounterViewModelTests.xctest */,
				B1065F632E806A46007009FF /* CounterComplicationExtension.appex */,
				B1E564592E8308630064A6E4 /* CounteriPhone.app */,
				B194A3112E8451B200002B29 /* CounteriPhoneTests.xctest */,
			);
			name = Products;
			sourceTree = "<group>";
		};
		B1065F642E806A46007009FF /* Frameworks */ = {
			isa = PBXGroup;
			children = (
				B1065F652E806A46007009FF /* WidgetKit.framework */,
				B1065F672E806A46007009FF /* SwiftUI.framework */,
			);
			name = Frameworks;
			sourceTree = "<group>";
		};
/* End PBXGroup section */

/* Begin PBXNativeTarget section */
		B1065F242E805DB8007009FF /* CounterWatch */ = {
			isa = PBXNativeTarget;
			buildConfigurationList = B1065F3C2E805DBB007009FF /* Build configuration list for PBXNativeTarget "CounterWatch" */;
			buildPhases = (
				B1065F232E805DB8007009FF /* Resources */,
				B1065F3B2E805DBB007009FF /* Embed Watch Content */,
			);
			buildRules = (
			);
			dependencies = (
				B1065F2E2E805DB8007009FF /* PBXTargetDependency */,
			);
			name = CounterWatch;
			packageProductDependencies = (
			);
			productName = CounterWatch;
			productReference = B1065F252E805DB8007009FF /* CounterWatch.app */;
			productType = "com.apple.product-type.application.watchapp2-container";
		};
		B1065F2A2E805DB8007009FF /* CounterWatch Watch App */ = {
			isa = PBXNativeTarget;
			buildConfigurationList = B1065F382E805DBB007009FF /* Build configuration list for PBXNativeTarget "CounterWatch Watch App" */;
			buildPhases = (
				B1065F272E805DB8007009FF /* Sources */,
				B1065F282E805DB8007009FF /* Frameworks */,
				B1065F292E805DB8007009FF /* Resources */,
				B1065F7C2E806A4A007009FF /* Embed Foundation Extensions */,
			);
			buildRules = (
			);
			dependencies = (
				B1065F762E806A49007009FF /* PBXTargetDependency */,
			);
			fileSystemSynchronizedGroups = (
				B1065F2F2E805DB8007009FF /* CounterWatch Watch App */,
			);
			name = "CounterWatch Watch App";
			packageProductDependencies = (
			);
			productName = "CounterWatch Watch App";
			productReference = B1065F2B2E805DB8007009FF /* CounterWatch Watch App.app */;
			productType = "com.apple.product-type.application";
		};
		B1065F552E80678A007009FF /* CounterViewModelTests */ = {
			isa = PBXNativeTarget;
			buildConfigurationList = B1065F5C2E80678B007009FF /* Build configuration list for PBXNativeTarget "CounterViewModelTests" */;
			buildPhases = (
				B1065F522E80678A007009FF /* Sources */,
				B1065F532E80678A007009FF /* Frameworks */,
				B1065F542E80678A007009FF /* Resources */,
			);
			buildRules = (
			);
			dependencies = (
				B1065F5B2E80678B007009FF /* PBXTargetDependency */,
			);
			fileSystemSynchronizedGroups = (
				B1065F572E80678B007009FF /* CounterViewModelTests */,
			);
			name = CounterViewModelTests;
			packageProductDependencies = (
			);
			productName = CounterViewModelTests;
			productReference = B1065F562E80678A007009FF /* CounterViewModelTests.xctest */;
			productType = "com.apple.product-type.bundle.unit-test";
		};
		B1065F622E806A45007009FF /* CounterComplicationExtension */ = {
			isa = PBXNativeTarget;
			buildConfigurationList = B1065F792E806A4A007009FF /* Build configuration list for PBXNativeTarget "CounterComplicationExtension" */;
			buildPhases = (
				B1065F5F2E806A45007009FF /* Sources */,
				B1065F602E806A45007009FF /* Frameworks */,
				B1065F612E806A45007009FF /* Resources */,
			);
			buildRules = (
			);
			dependencies = (
			);
			fileSystemSynchronizedGroups = (
				B1065F692E806A46007009FF /* CounterComplication */,
			);
			name = CounterComplicationExtension;
			packageProductDependencies = (
			);
			productName = CounterComplicationExtension;
			productReference = B1065F632E806A46007009FF /* CounterComplicationExtension.appex */;
			productType = "com.apple.product-type.app-extension";
		};
		B194A3102E8451B200002B29 /* CounteriPhoneTests */ = {
			isa = PBXNativeTarget;
			buildConfigurationList = B194A3172E8451B200002B29 /* Build configuration list for PBXNativeTarget "CounteriPhoneTests" */;
			buildPhases = (
				B194A30D2E8451B200002B29 /* Sources */,
				B194A30E2E8451B200002B29 /* Frameworks */,
				B194A30F2E8451B200002B29 /* Resources */,
			);
			buildRules = (
			);
			dependencies = (
				B194A3162E8451B200002B29 /* PBXTargetDependency */,
			);
			name = CounteriPhoneTests;
			packageProductDependencies = (
			);
			productName = CounteriPhoneTests;
			productReference = B194A3112E8451B200002B29 /* CounteriPhoneTests.xctest */;
			productType = "com.apple.product-type.bundle.unit-test";
		};
		B1E564582E8308630064A6E4 /* CounteriPhone */ = {
			isa = PBXNativeTarget;
			buildConfigurationList = B1E564632E8308660064A6E4 /* Build configuration list for PBXNativeTarget "CounteriPhone" */;
			buildPhases = (
				B1E564552E8308630064A6E4 /* Sources */,
				B1E564562E8308630064A6E4 /* Frameworks */,
				B1E564572E8308630064A6E4 /* Resources */,
			);
			buildRules = (
			);
			dependencies = (
			);
			fileSystemSynchronizedGroups = (
				B1E5645A2E8308630064A6E4 /* CounteriPhone */,
			);
			name = CounteriPhone;
			packageProductDependencies = (
			);
			productName = CounteriPhone;
			productReference = B1E564592E8308630064A6E4 /* CounteriPhone.app */;
			productType = "com.apple.product-type.application";
		};
/* End PBXNativeTarget section */

/* Begin PBXProject section */
		B1065F1F2E805DB8007009FF /* Project object */ = {
			isa = PBXProject;
			attributes = {
				BuildIndependentTargetsInParallel = 1;
				LastSwiftUpdateCheck = 2600;
				LastUpgradeCheck = 2600;
				TargetAttributes = {
					B1065F242E805DB8007009FF = {
						CreatedOnToolsVersion = 26.0;
					};
					B1065F2A2E805DB8007009FF = {
						CreatedOnToolsVersion = 26.0;
					};
					B1065F552E80678A007009FF = {
						CreatedOnToolsVersion = 26.0;
						TestTargetID = B1065F2A2E805DB8007009FF;
					};
					B1065F622E806A45007009FF = {
						CreatedOnToolsVersion = 26.0;
					};
					B194A3102E8451B200002B29 = {
						CreatedOnToolsVersion = 26.0.1;
						TestTargetID = B1E564582E8308630064A6E4;
					};
					B1E564582E8308630064A6E4 = {
						CreatedOnToolsVersion = 26.0;
					};
				};
			};
			buildConfigurationList = B1065F222E805DB8007009FF /* Build configuration list for PBXProject "CounterWatch" */;
			developmentRegion = en;
			hasScannedForEncodings = 0;
			knownRegions = (
				en,
				Base,
			);
			mainGroup = B1065F1E2E805DB8007009FF;
			minimizedProjectReferenceProxies = 1;
			preferredProjectObjectVersion = 77;
			productRefGroup = B1065F262E805DB8007009FF /* Products */;
			projectDirPath = "";
			projectRoot = "";
			targets = (
				B1065F242E805DB8007009FF /* CounterWatch */,
				B1065F2A2E805DB8007009FF /* CounterWatch Watch App */,
				B1065F552E80678A007009FF /* CounterViewModelTests */,
				B1065F622E806A45007009FF /* CounterComplicationExtension */,
				B1E564582E8308630064A6E4 /* CounteriPhone */,
				B194A3102E8451B200002B29 /* CounteriPhoneTests */,
			);
		};
/* End PBXProject section */

/* Begin PBXResourcesBuildPhase section */
		B1065F232E805DB8007009FF /* Resources */ = {
			isa = PBXResourcesBuildPhase;
			buildActionMask = 2147483647;
			files = (
			);
			runOnlyForDeploymentPostprocessing = 0;
		};
		B1065F292E805DB8007009FF /* Resources */ = {
			isa = PBXResourcesBuildPhase;
			buildActionMask = 2147483647;
			files = (
			);
			runOnlyForDeploymentPostprocessing = 0;
		};
		B1065F542E80678A007009FF /* Resources */ = {
			isa = PBXResourcesBuildPhase;
			buildActionMask = 2147483647;
			files = (
			);
			runOnlyForDeploymentPostprocessing = 0;
		};
		B1065F612E806A45007009FF /* Resources */ = {
			isa = PBXResourcesBuildPhase;
			buildActionMask = 2147483647;
			files = (
			);
			runOnlyForDeploymentPostprocessing = 0;
		};
		B194A30F2E8451B200002B29 /* Resources */ = {
			isa = PBXResourcesBuildPhase;
			buildActionMask = 2147483647;
			files = (
			);
			runOnlyForDeploymentPostprocessing = 0;
		};
		B1E564572E8308630064A6E4 /* Resources */ = {
			isa = PBXResourcesBuildPhase;
			buildActionMask = 2147483647;
			files = (
			);
			runOnlyForDeploymentPostprocessing = 0;
		};
/* End PBXResourcesBuildPhase section */

/* Begin PBXSourcesBuildPhase section */
		B1065F272E805DB8007009FF /* Sources */ = {
			isa = PBXSourcesBuildPhase;
			buildActionMask = 2147483647;
			files = (
			);
			runOnlyForDeploymentPostprocessing = 0;
		};
		B1065F522E80678A007009FF /* Sources */ = {
			isa = PBXSourcesBuildPhase;
			buildActionMask = 2147483647;
			files = (
			);
			runOnlyForDeploymentPostprocessing = 0;
		};
		B1065F5F2E806A45007009FF /* Sources */ = {
			isa = PBXSourcesBuildPhase;
			buildActionMask = 2147483647;
			files = (
			);
			runOnlyForDeploymentPostprocessing = 0;
		};
		B194A30D2E8451B200002B29 /* Sources */ = {
			isa = PBXSourcesBuildPhase;
			buildActionMask = 2147483647;
			files = (
			);
			runOnlyForDeploymentPostprocessing = 0;
		};
		B1E564552E8308630064A6E4 /* Sources */ = {
			isa = PBXSourcesBuildPhase;
			buildActionMask = 2147483647;
			files = (
			);
			runOnlyForDeploymentPostprocessing = 0;
		};
/* End PBXSourcesBuildPhase section */

/* Begin PBXTargetDependency section */
		B1065F2E2E805DB8007009FF /* PBXTargetDependency */ = {
			isa = PBXTargetDependency;
			target = B1065F2A2E805DB8007009FF /* CounterWatch Watch App */;
			targetProxy = B1065F2D2E805DB8007009FF /* PBXContainerItemProxy */;
		};
		B1065F5B2E80678B007009FF /* PBXTargetDependency */ = {
			isa = PBXTargetDependency;
			target = B1065F2A2E805DB8007009FF /* CounterWatch Watch App */;
			targetProxy = B1065F5A2E80678B007009FF /* PBXContainerItemProxy */;
		};
		B1065F762E806A49007009FF /* PBXTargetDependency */ = {
			isa = PBXTargetDependency;
			target = B1065F622E806A45007009FF /* CounterComplicationExtension */;
			targetProxy = B1065F752E806A49007009FF /* PBXContainerItemProxy */;
		};
		B194A3162E8451B200002B29 /* PBXTargetDependency */ = {
			isa = PBXTargetDependency;
			target = B1E564582E8308630064A6E4 /* CounteriPhone */;
			targetProxy = B194A3152E8451B200002B29 /* PBXContainerItemProxy */;
		};
/* End PBXTargetDependency section */

/* Begin XCBuildConfiguration section */
		B1065F362E805DBB007009FF /* Debug */ = {
			isa = XCBuildConfiguration;
			buildSettings = {
				ALWAYS_SEARCH_USER_PATHS = NO;
				ASSETCATALOG_COMPILER_GENERATE_SWIFT_ASSET_SYMBOL_EXTENSIONS = YES;
				CLANG_ANALYZER_NONNULL = YES;
				CLANG_ANALYZER_NUMBER_OBJECT_CONVERSION = YES_AGGRESSIVE;
				CLANG_CXX_LANGUAGE_STANDARD = "gnu++20";
				CLANG_ENABLE_MODULES = YES;
				CLANG_ENABLE_OBJC_ARC = YES;
				CLANG_ENABLE_OBJC_WEAK = YES;
				CLANG_WARN_BLOCK_CAPTURE_AUTORELEASING = YES;
				CLANG_WARN_BOOL_CONVERSION = YES;
				CLANG_WARN_COMMA = YES;
				CLANG_WARN_CONSTANT_CONVERSION = YES;
				CLANG_WARN_DEPRECATED_OBJC_IMPLEMENTATIONS = YES;
				CLANG_WARN_DIRECT_OBJC_ISA_USAGE = YES_ERROR;
				CLANG_WARN_DOCUMENTATION_COMMENTS = YES;
				CLANG_WARN_EMPTY_BODY = YES;
				CLANG_WARN_ENUM_CONVERSION = YES;
				CLANG_WARN_INFINITE_RECURSION = YES;
				CLANG_WARN_INT_CONVERSION = YES;
				CLANG_WARN_NON_LITERAL_NULL_CONVERSION = YES;
				CLANG_WARN_OBJC_IMPLICIT_RETAIN_SELF = YES;
				CLANG_WARN_OBJC_LITERAL_CONVERSION = YES;
				CLANG_WARN_OBJC_ROOT_CLASS = YES_ERROR;
				CLANG_WARN_QUOTED_INCLUDE_IN_FRAMEWORK_HEADER = YES;
				CLANG_WARN_RANGE_LOOP_ANALYSIS = YES;
				CLANG_WARN_STRICT_PROTOTYPES = YES;
				CLANG_WARN_SUSPICIOUS_MOVE = YES;
				CLANG_WARN_UNGUARDED_AVAILABILITY = YES_AGGRESSIVE;
				CLANG_WARN_UNREACHABLE_CODE = YES;
				CLANG_WARN__DUPLICATE_METHOD_MATCH = YES;
				COPY_PHASE_STRIP = NO;
				DEBUG_INFORMATION_FORMAT = dwarf;
				DEVELOPMENT_TEAM = DC99J9NLW6;
				ENABLE_STRICT_OBJC_MSGSEND = YES;
				ENABLE_TESTABILITY = YES;
				ENABLE_USER_SCRIPT_SANDBOXING = YES;
				GCC_C_LANGUAGE_STANDARD = gnu17;
				GCC_DYNAMIC_NO_PIC = NO;
				GCC_NO_COMMON_BLOCKS = YES;
				GCC_OPTIMIZATION_LEVEL = 0;
				GCC_PREPROCESSOR_DEFINITIONS = (
					"DEBUG=1",
					"$(inherited)",
				);
				GCC_WARN_64_TO_32_BIT_CONVERSION = YES;
				GCC_WARN_ABOUT_RETURN_TYPE = YES_ERROR;
				GCC_WARN_UNDECLARED_SELECTOR = YES;
				GCC_WARN_UNINITIALIZED_AUTOS = YES_AGGRESSIVE;
				GCC_WARN_UNUSED_FUNCTION = YES;
				GCC_WARN_UNUSED_VARIABLE = YES;
				LOCALIZATION_PREFERS_STRING_CATALOGS = YES;
				MTL_ENABLE_DEBUG_INFO = INCLUDE_SOURCE;
				MTL_FAST_MATH = YES;
				ONLY_ACTIVE_ARCH = YES;
				SWIFT_ACTIVE_COMPILATION_CONDITIONS = "DEBUG $(inherited)";
				SWIFT_OPTIMIZATION_LEVEL = "-Onone";
			};
			name = Debug;
		};
		B1065F372E805DBB007009FF /* Release */ = {
			isa = XCBuildConfiguration;
			buildSettings = {
				ALWAYS_SEARCH_USER_PATHS = NO;
				ASSETCATALOG_COMPILER_GENERATE_SWIFT_ASSET_SYMBOL_EXTENSIONS = YES;
				CLANG_ANALYZER_NONNULL = YES;
				CLANG_ANALYZER_NUMBER_OBJECT_CONVERSION = YES_AGGRESSIVE;
				CLANG_CXX_LANGUAGE_STANDARD = "gnu++20";
				CLANG_ENABLE_MODULES = YES;
				CLANG_ENABLE_OBJC_ARC = YES;
				CLANG_ENABLE_OBJC_WEAK = YES;
				CLANG_WARN_BLOCK_CAPTURE_AUTORELEASING = YES;
				CLANG_WARN_BOOL_CONVERSION = YES;
				CLANG_WARN_COMMA = YES;
				CLANG_WARN_CONSTANT_CONVERSION = YES;
				CLANG_WARN_DEPRECATED_OBJC_IMPLEMENTATIONS = YES;
				CLANG_WARN_DIRECT_OBJC_ISA_USAGE = YES_ERROR;
				CLANG_WARN_DOCUMENTATION_COMMENTS = YES;
				CLANG_WARN_EMPTY_BODY = YES;
				CLANG_WARN_ENUM_CONVERSION = YES;
				CLANG_WARN_INFINITE_RECURSION = YES;
				CLANG_WARN_INT_CONVERSION = YES;
				CLANG_WARN_NON_LITERAL_NULL_CONVERSION = YES;
				CLANG_WARN_OBJC_IMPLICIT_RETAIN_SELF = YES;
				CLANG_WARN_OBJC_LITERAL_CONVERSION = YES;
				CLANG_WARN_OBJC_ROOT_CLASS = YES_ERROR;
				CLANG_WARN_QUOTED_INCLUDE_IN_FRAMEWORK_HEADER = YES;
				CLANG_WARN_RANGE_LOOP_ANALYSIS = YES;
				CLANG_WARN_STRICT_PROTOTYPES = YES;
				CLANG_WARN_SUSPICIOUS_MOVE = YES;
				CLANG_WARN_UNGUARDED_AVAILABILITY = YES_AGGRESSIVE;
				CLANG_WARN_UNREACHABLE_CODE = YES;
				CLANG_WARN__DUPLICATE_METHOD_MATCH = YES;
				COPY_PHASE_STRIP = NO;
				DEBUG_INFORMATION_FORMAT = "dwarf-with-dsym";
				DEVELOPMENT_TEAM = DC99J9NLW6;
				ENABLE_NS_ASSERTIONS = NO;
				ENABLE_STRICT_OBJC_MSGSEND = YES;
				ENABLE_USER_SCRIPT_SANDBOXING = YES;
				GCC_C_LANGUAGE_STANDARD = gnu17;
				GCC_NO_COMMON_BLOCKS = YES;
				GCC_WARN_64_TO_32_BIT_CONVERSION = YES;
				GCC_WARN_ABOUT_RETURN_TYPE = YES_ERROR;
				GCC_WARN_UNDECLARED_SELECTOR = YES;
				GCC_WARN_UNINITIALIZED_AUTOS = YES_AGGRESSIVE;
				GCC_WARN_UNUSED_FUNCTION = YES;
				GCC_WARN_UNUSED_VARIABLE = YES;
				LOCALIZATION_PREFERS_STRING_CATALOGS = YES;
				MTL_ENABLE_DEBUG_INFO = NO;
				MTL_FAST_MATH = YES;
				SWIFT_COMPILATION_MODE = wholemodule;
			};
			name = Release;
		};
		B1065F392E805DBB007009FF /* Debug */ = {
			isa = XCBuildConfiguration;
			buildSettings = {
				ASSETCATALOG_COMPILER_APPICON_NAME = AppIcon;
				ASSETCATALOG_COMPILER_GLOBAL_ACCENT_COLOR_NAME = AccentColor;
				CODE_SIGN_ENTITLEMENTS = "CounterWatch Watch App/CounterWatch Watch App.entitlements";
				CODE_SIGN_STYLE = Automatic;
				CURRENT_PROJECT_VERSION = 1;
				DEVELOPMENT_TEAM = DC99J9NLW6;
				ENABLE_PREVIEWS = YES;
				GENERATE_INFOPLIST_FILE = YES;
				INFOPLIST_FILE = "CounterWatch-Watch-App-Info.plist";
				INFOPLIST_KEY_CFBundleDisplayName = CounterWatch;
				INFOPLIST_KEY_UISupportedInterfaceOrientations = "UIInterfaceOrientationPortrait UIInterfaceOrientationPortraitUpsideDown";
				INFOPLIST_KEY_WKWatchOnly = YES;
				LD_RUNPATH_SEARCH_PATHS = (
					"$(inherited)",
					"@executable_path/Frameworks",
				);
				MARKETING_VERSION = 1.0;
				PRODUCT_BUNDLE_IDENTIFIER = pepecode.CounterWatch.watchkitapp;
				PRODUCT_NAME = "$(TARGET_NAME)";
				SDKROOT = watchos;
				SKIP_INSTALL = YES;
				STRING_CATALOG_GENERATE_SYMBOLS = YES;
				SWIFT_APPROACHABLE_CONCURRENCY = YES;
				SWIFT_DEFAULT_ACTOR_ISOLATION = MainActor;
				SWIFT_EMIT_LOC_STRINGS = YES;
				SWIFT_UPCOMING_FEATURE_MEMBER_IMPORT_VISIBILITY = YES;
				SWIFT_VERSION = 5.0;
				TARGETED_DEVICE_FAMILY = 4;
				WATCHOS_DEPLOYMENT_TARGET = 10.6;
			};
			name = Debug;
		};
		B1065F3A2E805DBB007009FF /* Release */ = {
			isa = XCBuildConfiguration;
			buildSettings = {
				ASSETCATALOG_COMPILER_APPICON_NAME = AppIcon;
				ASSETCATALOG_COMPILER_GLOBAL_ACCENT_COLOR_NAME = AccentColor;
				CODE_SIGN_ENTITLEMENTS = "CounterWatch Watch App/CounterWatch Watch App.entitlements";
				CODE_SIGN_STYLE = Automatic;
				CURRENT_PROJECT_VERSION = 1;
				DEVELOPMENT_TEAM = DC99J9NLW6;
				ENABLE_PREVIEWS = YES;
				GENERATE_INFOPLIST_FILE = YES;
				INFOPLIST_FILE = "CounterWatch-Watch-App-Info.plist";
				INFOPLIST_KEY_CFBundleDisplayName = CounterWatch;
				INFOPLIST_KEY_UISupportedInterfaceOrientations = "UIInterfaceOrientationPortrait UIInterfaceOrientationPortraitUpsideDown";
				INFOPLIST_KEY_WKWatchOnly = YES;
				LD_RUNPATH_SEARCH_PATHS = (
					"$(inherited)",
					"@executable_path/Frameworks",
				);
				MARKETING_VERSION = 1.0;
				PRODUCT_BUNDLE_IDENTIFIER = pepecode.CounterWatch.watchkitapp;
				PRODUCT_NAME = "$(TARGET_NAME)";
				SDKROOT = watchos;
				SKIP_INSTALL = YES;
				STRING_CATALOG_GENERATE_SYMBOLS = YES;
				SWIFT_APPROACHABLE_CONCURRENCY = YES;
				SWIFT_DEFAULT_ACTOR_ISOLATION = MainActor;
				SWIFT_EMIT_LOC_STRINGS = YES;
				SWIFT_UPCOMING_FEATURE_MEMBER_IMPORT_VISIBILITY = YES;
				SWIFT_VERSION = 5.0;
				TARGETED_DEVICE_FAMILY = 4;
				VALIDATE_PRODUCT = YES;
				WATCHOS_DEPLOYMENT_TARGET = 10.6;
			};
			name = Release;
		};
		B1065F3D2E805DBB007009FF /* Debug */ = {
			isa = XCBuildConfiguration;
			buildSettings = {
				CODE_SIGN_STYLE = Automatic;
				CURRENT_PROJECT_VERSION = 1;
				DEVELOPMENT_TEAM = DC99J9NLW6;
				INFOPLIST_KEY_CFBundleDisplayName = CounterWatch;
				IPHONEOS_DEPLOYMENT_TARGET = 15.6;
				MARKETING_VERSION = 1.0;
				PRODUCT_BUNDLE_IDENTIFIER = pepecode.CounterWatch;
				PRODUCT_NAME = "$(TARGET_NAME)";
				SDKROOT = iphoneos;
				SWIFT_APPROACHABLE_CONCURRENCY = YES;
				SWIFT_UPCOMING_FEATURE_MEMBER_IMPORT_VISIBILITY = YES;
				SWIFT_VERSION = 5.0;
			};
			name = Debug;
		};
		B1065F3E2E805DBB007009FF /* Release */ = {
			isa = XCBuildConfiguration;
			buildSettings = {
				CODE_SIGN_STYLE = Automatic;
				CURRENT_PROJECT_VERSION = 1;
				DEVELOPMENT_TEAM = DC99J9NLW6;
				INFOPLIST_KEY_CFBundleDisplayName = CounterWatch;
				IPHONEOS_DEPLOYMENT_TARGET = 15.6;
				MARKETING_VERSION = 1.0;
				PRODUCT_BUNDLE_IDENTIFIER = pepecode.CounterWatch;
				PRODUCT_NAME = "$(TARGET_NAME)";
				SDKROOT = iphoneos;
				SWIFT_APPROACHABLE_CONCURRENCY = YES;
				SWIFT_UPCOMING_FEATURE_MEMBER_IMPORT_VISIBILITY = YES;
				SWIFT_VERSION = 5.0;
				VALIDATE_PRODUCT = YES;
			};
			name = Release;
		};
		B1065F5D2E80678B007009FF /* Debug */ = {
			isa = XCBuildConfiguration;
			buildSettings = {
				BUNDLE_LOADER = "$(TEST_HOST)";
				CODE_SIGN_STYLE = Automatic;
				CURRENT_PROJECT_VERSION = 1;
				DEVELOPMENT_TEAM = DC99J9NLW6;
				GENERATE_INFOPLIST_FILE = YES;
				MARKETING_VERSION = 1.0;
				PRODUCT_BUNDLE_IDENTIFIER = pepecode.CounterViewModelTests;
				PRODUCT_NAME = "$(TARGET_NAME)";
				SDKROOT = watchos;
				STRING_CATALOG_GENERATE_SYMBOLS = NO;
				SWIFT_APPROACHABLE_CONCURRENCY = YES;
				SWIFT_EMIT_LOC_STRINGS = NO;
				SWIFT_UPCOMING_FEATURE_MEMBER_IMPORT_VISIBILITY = YES;
				SWIFT_VERSION = 5.0;
				TARGETED_DEVICE_FAMILY = 4;
				TEST_HOST = "$(BUILT_PRODUCTS_DIR)/CounterWatch Watch App.app/$(BUNDLE_EXECUTABLE_FOLDER_PATH)/CounterWatch Watch App";
				WATCHOS_DEPLOYMENT_TARGET = 26.0;
			};
			name = Debug;
		};
		B1065F5E2E80678B007009FF /* Release */ = {
			isa = XCBuildConfiguration;
			buildSettings = {
				BUNDLE_LOADER = "$(TEST_HOST)";
				CODE_SIGN_STYLE = Automatic;
				CURRENT_PROJECT_VERSION = 1;
				DEVELOPMENT_TEAM = DC99J9NLW6;
				GENERATE_INFOPLIST_FILE = YES;
				MARKETING_VERSION = 1.0;
				PRODUCT_BUNDLE_IDENTIFIER = pepecode.CounterViewModelTests;
				PRODUCT_NAME = "$(TARGET_NAME)";
				SDKROOT = watchos;
				STRING_CATALOG_GENERATE_SYMBOLS = NO;
				SWIFT_APPROACHABLE_CONCURRENCY = YES;
				SWIFT_EMIT_LOC_STRINGS = NO;
				SWIFT_UPCOMING_FEATURE_MEMBER_IMPORT_VISIBILITY = YES;
				SWIFT_VERSION = 5.0;
				TARGETED_DEVICE_FAMILY = 4;
				TEST_HOST = "$(BUILT_PRODUCTS_DIR)/CounterWatch Watch App.app/$(BUNDLE_EXECUTABLE_FOLDER_PATH)/CounterWatch Watch App";
				VALIDATE_PRODUCT = YES;
				WATCHOS_DEPLOYMENT_TARGET = 26.0;
			};
			name = Release;
		};
		B1065F7A2E806A4A007009FF /* Debug */ = {
			isa = XCBuildConfiguration;
			buildSettings = {
				ASSETCATALOG_COMPILER_GLOBAL_ACCENT_COLOR_NAME = AccentColor;
				ASSETCATALOG_COMPILER_WIDGET_BACKGROUND_COLOR_NAME = WidgetBackground;
				CODE_SIGN_ENTITLEMENTS = CounterComplicationExtension.entitlements;
				CODE_SIGN_STYLE = Automatic;
				CURRENT_PROJECT_VERSION = 1;
				DEVELOPMENT_TEAM = DC99J9NLW6;
				GENERATE_INFOPLIST_FILE = YES;
				INFOPLIST_FILE = CounterComplication/Info.plist;
				INFOPLIST_KEY_CFBundleDisplayName = CounterComplication;
				INFOPLIST_KEY_NSHumanReadableCopyright = "";
				LD_RUNPATH_SEARCH_PATHS = (
					"$(inherited)",
					"@executable_path/Frameworks",
					"@executable_path/../../Frameworks",
					"@executable_path/../../../../Frameworks",
				);
				MARKETING_VERSION = 1.0;
				PRODUCT_BUNDLE_IDENTIFIER = pepecode.CounterWatch.watchkitapp.CounterComplication;
				PRODUCT_NAME = "$(TARGET_NAME)";
				SDKROOT = watchos;
				SKIP_INSTALL = YES;
				STRING_CATALOG_GENERATE_SYMBOLS = YES;
				SWIFT_APPROACHABLE_CONCURRENCY = YES;
				SWIFT_EMIT_LOC_STRINGS = YES;
				SWIFT_UPCOMING_FEATURE_MEMBER_IMPORT_VISIBILITY = YES;
				SWIFT_VERSION = 5.0;
				TARGETED_DEVICE_FAMILY = 4;
				WATCHOS_DEPLOYMENT_TARGET = 26.0;
			};
			name = Debug;
		};
		B1065F7B2E806A4A007009FF /* Release */ = {
			isa = XCBuildConfiguration;
			buildSettings = {
				ASSETCATALOG_COMPILER_GLOBAL_ACCENT_COLOR_NAME = AccentColor;
				ASSETCATALOG_COMPILER_WIDGET_BACKGROUND_COLOR_NAME = WidgetBackground;
				CODE_SIGN_ENTITLEMENTS = CounterComplicationExtension.entitlements;
				CODE_SIGN_STYLE = Automatic;
				CURRENT_PROJECT_VERSION = 1;
				DEVELOPMENT_TEAM = DC99J9NLW6;
				GENERATE_INFOPLIST_FILE = YES;
				INFOPLIST_FILE = CounterComplication/Info.plist;
				INFOPLIST_KEY_CFBundleDisplayName = CounterComplication;
				INFOPLIST_KEY_NSHumanReadableCopyright = "";
				LD_RUNPATH_SEARCH_PATHS = (
					"$(inherited)",
					"@executable_path/Frameworks",
					"@executable_path/../../Frameworks",
					"@executable_path/../../../../Frameworks",
				);
				MARKETING_VERSION = 1.0;
				PRODUCT_BUNDLE_IDENTIFIER = pepecode.CounterWatch.watchkitapp.CounterComplication;
				PRODUCT_NAME = "$(TARGET_NAME)";
				SDKROOT = watchos;
				SKIP_INSTALL = YES;
				STRING_CATALOG_GENERATE_SYMBOLS = YES;
				SWIFT_APPROACHABLE_CONCURRENCY = YES;
				SWIFT_EMIT_LOC_STRINGS = YES;
				SWIFT_UPCOMING_FEATURE_MEMBER_IMPORT_VISIBILITY = YES;
				SWIFT_VERSION = 5.0;
				TARGETED_DEVICE_FAMILY = 4;
				VALIDATE_PRODUCT = YES;
				WATCHOS_DEPLOYMENT_TARGET = 26.0;
			};
			name = Release;
		};
		B194A3182E8451B200002B29 /* Debug */ = {
			isa = XCBuildConfiguration;
			buildSettings = {
				BUNDLE_LOADER = "$(TEST_HOST)";
				CODE_SIGN_STYLE = Automatic;
				CURRENT_PROJECT_VERSION = 1;
				DEVELOPMENT_TEAM = DC99J9NLW6;
				GENERATE_INFOPLIST_FILE = YES;
				IPHONEOS_DEPLOYMENT_TARGET = 26.0;
				MARKETING_VERSION = 1.0;
				PRODUCT_BUNDLE_IDENTIFIER = pepecode.CounteriPhoneTests;
				PRODUCT_NAME = "$(TARGET_NAME)";
				SDKROOT = iphoneos;
				STRING_CATALOG_GENERATE_SYMBOLS = NO;
				SWIFT_APPROACHABLE_CONCURRENCY = YES;
				SWIFT_EMIT_LOC_STRINGS = NO;
				SWIFT_UPCOMING_FEATURE_MEMBER_IMPORT_VISIBILITY = YES;
				SWIFT_VERSION = 5.0;
				TARGETED_DEVICE_FAMILY = "1,2";
				TEST_HOST = "$(BUILT_PRODUCTS_DIR)/CounteriPhone.app/$(BUNDLE_EXECUTABLE_FOLDER_PATH)/CounteriPhone";
			};
			name = Debug;
		};
		B194A3192E8451B200002B29 /* Release */ = {
			isa = XCBuildConfiguration;
			buildSettings = {
				BUNDLE_LOADER = "$(TEST_HOST)";
				CODE_SIGN_STYLE = Automatic;
				CURRENT_PROJECT_VERSION = 1;
				DEVELOPMENT_TEAM = DC99J9NLW6;
				GENERATE_INFOPLIST_FILE = YES;
				IPHONEOS_DEPLOYMENT_TARGET = 26.0;
				MARKETING_VERSION = 1.0;
				PRODUCT_BUNDLE_IDENTIFIER = pepecode.CounteriPhoneTests;
				PRODUCT_NAME = "$(TARGET_NAME)";
				SDKROOT = iphoneos;
				STRING_CATALOG_GENERATE_SYMBOLS = NO;
				SWIFT_APPROACHABLE_CONCURRENCY = YES;
				SWIFT_EMIT_LOC_STRINGS = NO;
				SWIFT_UPCOMING_FEATURE_MEMBER_IMPORT_VISIBILITY = YES;
				SWIFT_VERSION = 5.0;
				TARGETED_DEVICE_FAMILY = "1,2";
				TEST_HOST = "$(BUILT_PRODUCTS_DIR)/CounteriPhone.app/$(BUNDLE_EXECUTABLE_FOLDER_PATH)/CounteriPhone";
				VALIDATE_PRODUCT = YES;
			};
			name = Release;
		};
		B1E564612E8308660064A6E4 /* Debug */ = {
			isa = XCBuildConfiguration;
			buildSettings = {
				ASSETCATALOG_COMPILER_APPICON_NAME = AppIcon;
				ASSETCATALOG_COMPILER_GLOBAL_ACCENT_COLOR_NAME = AccentColor;
				CODE_SIGN_ENTITLEMENTS = CounteriPhone/CounteriPhone.entitlements;
				CODE_SIGN_STYLE = Automatic;
				CURRENT_PROJECT_VERSION = 1;
				DEVELOPMENT_TEAM = DC99J9NLW6;
				ENABLE_PREVIEWS = YES;
				GENERATE_INFOPLIST_FILE = YES;
				INFOPLIST_KEY_UIApplicationSceneManifest_Generation = YES;
				INFOPLIST_KEY_UIApplicationSupportsIndirectInputEvents = YES;
				INFOPLIST_KEY_UILaunchScreen_Generation = YES;
				INFOPLIST_KEY_UISupportedInterfaceOrientations_iPad = "UIInterfaceOrientationPortrait UIInterfaceOrientationPortraitUpsideDown UIInterfaceOrientationLandscapeLeft UIInterfaceOrientationLandscapeRight";
				INFOPLIST_KEY_UISupportedInterfaceOrientations_iPhone = "UIInterfaceOrientationPortrait UIInterfaceOrientationLandscapeLeft UIInterfaceOrientationLandscapeRight";
				IPHONEOS_DEPLOYMENT_TARGET = 26.0;
				LD_RUNPATH_SEARCH_PATHS = (
					"$(inherited)",
					"@executable_path/Frameworks",
				);
				MARKETING_VERSION = 1.0;
				PRODUCT_BUNDLE_IDENTIFIER = pepecode.CounteriPhone;
				PRODUCT_NAME = "$(TARGET_NAME)";
				SDKROOT = iphoneos;
				STRING_CATALOG_GENERATE_SYMBOLS = YES;
				SWIFT_APPROACHABLE_CONCURRENCY = YES;
				SWIFT_DEFAULT_ACTOR_ISOLATION = MainActor;
				SWIFT_EMIT_LOC_STRINGS = YES;
				SWIFT_UPCOMING_FEATURE_MEMBER_IMPORT_VISIBILITY = YES;
				SWIFT_VERSION = 5.0;
				TARGETED_DEVICE_FAMILY = "1,2";
			};
			name = Debug;
		};
		B1E564622E8308660064A6E4 /* Release */ = {
			isa = XCBuildConfiguration;
			buildSettings = {
				ASSETCATALOG_COMPILER_APPICON_NAME = AppIcon;
				ASSETCATALOG_COMPILER_GLOBAL_ACCENT_COLOR_NAME = AccentColor;
				CODE_SIGN_ENTITLEMENTS = CounteriPhone/CounteriPhone.entitlements;
				CODE_SIGN_STYLE = Automatic;
				CURRENT_PROJECT_VERSION = 1;
				DEVELOPMENT_TEAM = DC99J9NLW6;
				ENABLE_PREVIEWS = YES;
				GENERATE_INFOPLIST_FILE = YES;
				INFOPLIST_KEY_UIApplicationSceneManifest_Generation = YES;
				INFOPLIST_KEY_UIApplicationSupportsIndirectInputEvents = YES;
				INFOPLIST_KEY_UILaunchScreen_Generation = YES;
				INFOPLIST_KEY_UISupportedInterfaceOrientations_iPad = "UIInterfaceOrientationPortrait UIInterfaceOrientationPortraitUpsideDown UIInterfaceOrientationLandscapeLeft UIInterfaceOrientationLandscapeRight";
				INFOPLIST_KEY_UISupportedInterfaceOrientations_iPhone = "UIInterfaceOrientationPortrait UIInterfaceOrientationLandscapeLeft UIInterfaceOrientationLandscapeRight";
				IPHONEOS_DEPLOYMENT_TARGET = 26.0;
				LD_RUNPATH_SEARCH_PATHS = (
					"$(inherited)",
					"@executable_path/Frameworks",
				);
				MARKETING_VERSION = 1.0;
				PRODUCT_BUNDLE_IDENTIFIER = pepecode.CounteriPhone;
				PRODUCT_NAME = "$(TARGET_NAME)";
				SDKROOT = iphoneos;
				STRING_CATALOG_GENERATE_SYMBOLS = YES;
				SWIFT_APPROACHABLE_CONCURRENCY = YES;
				SWIFT_DEFAULT_ACTOR_ISOLATION = MainActor;
				SWIFT_EMIT_LOC_STRINGS = YES;
				SWIFT_UPCOMING_FEATURE_MEMBER_IMPORT_VISIBILITY = YES;
				SWIFT_VERSION = 5.0;
				TARGETED_DEVICE_FAMILY = "1,2";
				VALIDATE_PRODUCT = YES;
			};
			name = Release;
		};
/* End XCBuildConfiguration section */

/* Begin XCConfigurationList section */
		B1065F222E805DB8007009FF /* Build configuration list for PBXProject "CounterWatch" */ = {
			isa = XCConfigurationList;
			buildConfigurations = (
				B1065F362E805DBB007009FF /* Debug */,
				B1065F372E805DBB007009FF /* Release */,
			);
			defaultConfigurationIsVisible = 0;
			defaultConfigurationName = Release;
		};
		B1065F382E805DBB007009FF /* Build configuration list for PBXNativeTarget "CounterWatch Watch App" */ = {
			isa = XCConfigurationList;
			buildConfigurations = (
				B1065F392E805DBB007009FF /* Debug */,
				B1065F3A2E805DBB007009FF /* Release */,
			);
			defaultConfigurationIsVisible = 0;
			defaultConfigurationName = Release;
		};
		B1065F3C2E805DBB007009FF /* Build configuration list for PBXNativeTarget "CounterWatch" */ = {
			isa = XCConfigurationList;
			buildConfigurations = (
				B1065F3D2E805DBB007009FF /* Debug */,
				B1065F3E2E805DBB007009FF /* Release */,
			);
			defaultConfigurationIsVisible = 0;
			defaultConfigurationName = Release;
		};
		B1065F5C2E80678B007009FF /* Build configuration list for PBXNativeTarget "CounterViewModelTests" */ = {
			isa = XCConfigurationList;
			buildConfigurations = (
				B1065F5D2E80678B007009FF /* Debug */,
				B1065F5E2E80678B007009FF /* Release */,
			);
			defaultConfigurationIsVisible = 0;
			defaultConfigurationName = Release;
		};
		B1065F792E806A4A007009FF /* Build configuration list for PBXNativeTarget "CounterComplicationExtension" */ = {
			isa = XCConfigurationList;
			buildConfigurations = (
				B1065F7A2E806A4A007009FF /* Debug */,
				B1065F7B2E806A4A007009FF /* Release */,
			);
			defaultConfigurationIsVisible = 0;
			defaultConfigurationName = Release;
		};
		B194A3172E8451B200002B29 /* Build configuration list for PBXNativeTarget "CounteriPhoneTests" */ = {
			isa = XCConfigurationList;
			buildConfigurations = (
				B194A3182E8451B200002B29 /* Debug */,
				B194A3192E8451B200002B29 /* Release */,
			);
			defaultConfigurationIsVisible = 0;
			defaultConfigurationName = Release;
		};
		B1E564632E8308660064A6E4 /* Build configuration list for PBXNativeTarget "CounteriPhone" */ = {
			isa = XCConfigurationList;
			buildConfigurations = (
				B1E564612E8308660064A6E4 /* Debug */,
				B1E564622E8308660064A6E4 /* Release */,
			);
			defaultConfigurationIsVisible = 0;
			defaultConfigurationName = Release;
		};
/* End XCConfigurationList section */
	};
	rootObject = B1065F1F2E805DB8007009FF /* Project object */;
}
